
Microsoft Visual Studio Solution File, Format Version 12.00
# Visual Studio Version 17
VisualStudioVersion = 17.8.34408.163
MinimumVisualStudioVersion = 10.0.40219.1
Project("{2150E333-8FDC-42A3-9474-1A3956D46DE8}") = "Microservices", "Microservices", "{F70CFB19-77E0-48F7-ADA6-B6A0CE602349}"
EndProject
Project("{9A19103F-16F7-4668-BE54-9A1E7A4F7556}") = "AccountService", "AccountService\AccountService.csproj", "{9B958E84-EA89-400D-AC16-E07222763130}"
EndProject
Project("{E53339B2-1760-4266-BCC7-CA923CBCF16C}") = "docker-compose", "docker-compose.dcproj", "{69532EF7-3CA2-4E5B-B083-E4B44F0F968B}"
EndProject
Project("{2150E333-8FDC-42A3-9474-1A3956D46DE8}") = "APIGateway", "APIGateway", "{BD109AF0-40C4-40E0-A893-8DBFDCFE0F39}"
EndProject
Project("{FAE04EC0-301F-11D3-BF4B-00C04F79EFBC}") = "APIGateway", "APIGateway\APIGateway.csproj", "{2D6CFAE3-3264-4CFB-908F-1DD317D41526}"
EndProject
Global
	GlobalSection(SolutionConfigurationPlatforms) = preSolution
		Debug|Any CPU = Debug|Any CPU
		Release|Any CPU = Release|Any CPU
	EndGlobalSection
	GlobalSection(ProjectConfigurationPlatforms) = postSolution
		{9B958E84-EA89-400D-AC16-E07222763130}.Debug|Any CPU.ActiveCfg = Debug|Any CPU
		{9B958E84-EA89-400D-AC16-E07222763130}.Debug|Any CPU.Build.0 = Debug|Any CPU
		{9B958E84-EA89-400D-AC16-E07222763130}.Release|Any CPU.ActiveCfg = Release|Any CPU
		{9B958E84-EA89-400D-AC16-E07222763130}.Release|Any CPU.Build.0 = Release|Any CPU
		{69532EF7-3CA2-4E5B-B083-E4B44F0F968B}.Debug|Any CPU.ActiveCfg = Debug|Any CPU
		{69532EF7-3CA2-4E5B-B083-E4B44F0F968B}.Debug|Any CPU.Build.0 = Debug|Any CPU
		{69532EF7-3CA2-4E5B-B083-E4B44F0F968B}.Release|Any CPU.ActiveCfg = Release|Any CPU
		{69532EF7-3CA2-4E5B-B083-E4B44F0F968B}.Release|Any CPU.Build.0 = Release|Any CPU
		{2D6CFAE3-3264-4CFB-908F-1DD317D41526}.Debug|Any CPU.ActiveCfg = Debug|Any CPU
		{2D6CFAE3-3264-4CFB-908F-1DD317D41526}.Debug|Any CPU.Build.0 = Debug|Any CPU
		{2D6CFAE3-3264-4CFB-908F-1DD317D41526}.Release|Any CPU.ActiveCfg = Release|Any CPU
		{2D6CFAE3-3264-4CFB-908F-1DD317D41526}.Release|Any CPU.Build.0 = Release|Any CPU
	EndGlobalSection
	GlobalSection(SolutionProperties) = preSolution
		HideSolutionNode = FALSE
	EndGlobalSection
	GlobalSection(NestedProjects) = preSolution
		{9B958E84-EA89-400D-AC16-E07222763130} = {F70CFB19-77E0-48F7-ADA6-B6A0CE602349}
		{2D6CFAE3-3264-4CFB-908F-1DD317D41526} = {BD109AF0-40C4-40E0-A893-8DBFDCFE0F39}
	EndGlobalSection
	GlobalSection(ExtensibilityGlobals) = postSolution
		SolutionGuid = {D2C54C76-155E-42A1-A89A-CE504C87D902}
	EndGlobalSection
EndGlobal
