
Microsoft Visual Studio Solution File, Format Version 12.00
# Visual Studio Version 17
VisualStudioVersion = 17.8.34408.163
MinimumVisualStudioVersion = 10.0.40219.1
Project("{2150E333-8FDC-42A3-9474-1A3956D46DE8}") = "Microservices", "Microservices", "{F70CFB19-77E0-48F7-ADA6-B6A0CE602349}"
EndProject
Project("{FAE04EC0-301F-11D3-BF4B-00C04F79EFBC}") = "ATM.Service", "ATM.Service\ATM.Service.csproj", "{6A967B61-898C-4EEE-87E1-297AD29DDDB4}"
EndProject
Project("{FAE04EC0-301F-11D3-BF4B-00C04F79EFBC}") = "AccountService", "AccountService\AccountService.csproj", "{9B958E84-EA89-400D-AC16-E07222763130}"
EndProject
Global
	GlobalSection(SolutionConfigurationPlatforms) = preSolution
		Debug|Any CPU = Debug|Any CPU
		Release|Any CPU = Release|Any CPU
	EndGlobalSection
	GlobalSection(ProjectConfigurationPlatforms) = postSolution
		{6A967B61-898C-4EEE-87E1-297AD29DDDB4}.Debug|Any CPU.ActiveCfg = Debug|Any CPU
		{6A967B61-898C-4EEE-87E1-297AD29DDDB4}.Debug|Any CPU.Build.0 = Debug|Any CPU
		{6A967B61-898C-4EEE-87E1-297AD29DDDB4}.Release|Any CPU.ActiveCfg = Release|Any CPU
		{6A967B61-898C-4EEE-87E1-297AD29DDDB4}.Release|Any CPU.Build.0 = Release|Any CPU
		{9B958E84-EA89-400D-AC16-E07222763130}.Debug|Any CPU.ActiveCfg = Debug|Any CPU
		{9B958E84-EA89-400D-AC16-E07222763130}.Debug|Any CPU.Build.0 = Debug|Any CPU
		{9B958E84-EA89-400D-AC16-E07222763130}.Release|Any CPU.ActiveCfg = Release|Any CPU
		{9B958E84-EA89-400D-AC16-E07222763130}.Release|Any CPU.Build.0 = Release|Any CPU
	EndGlobalSection
	GlobalSection(SolutionProperties) = preSolution
		HideSolutionNode = FALSE
	EndGlobalSection
	GlobalSection(NestedProjects) = preSolution
		{6A967B61-898C-4EEE-87E1-297AD29DDDB4} = {F70CFB19-77E0-48F7-ADA6-B6A0CE602349}
		{9B958E84-EA89-400D-AC16-E07222763130} = {F70CFB19-77E0-48F7-ADA6-B6A0CE602349}
	EndGlobalSection
	GlobalSection(ExtensibilityGlobals) = postSolution
		SolutionGuid = {D2C54C76-155E-42A1-A89A-CE504C87D902}
	EndGlobalSection
EndGlobal
